
Microsoft Visual Studio Solution File, Format Version 12.00
# Visual Studio Version 16
VisualStudioVersion = 16.0.30611.23
MinimumVisualStudioVersion = 10.0.40219.1
Project("{FAE04EC0-301F-11D3-BF4B-00C04F79EFBC}") = "ExcelParseTool", "ExcelParseTool\ExcelParseTool.csproj", "{422B361A-7BEB-4D9C-A101-2A8E8E7D02A1}"
EndProject
Global
	GlobalSection(SolutionConfigurationPlatforms) = preSolution
		Debug|Any CPU = Debug|Any CPU
		Release|Any CPU = Release|Any CPU
	EndGlobalSection
	GlobalSection(ProjectConfigurationPlatforms) = postSolution
		{422B361A-7BEB-4D9C-A101-2A8E8E7D02A1}.Debug|Any CPU.ActiveCfg = Debug|Any CPU
		{422B361A-7BEB-4D9C-A101-2A8E8E7D02A1}.Debug|Any CPU.Build.0 = Debug|Any CPU
		{422B361A-7BEB-4D9C-A101-2A8E8E7D02A1}.Release|Any CPU.ActiveCfg = Release|Any CPU
		{422B361A-7BEB-4D9C-A101-2A8E8E7D02A1}.Release|Any CPU.Build.0 = Release|Any CPU
	EndGlobalSection
	GlobalSection(SolutionProperties) = preSolution
		HideSolutionNode = FALSE
	EndGlobalSection
	GlobalSection(ExtensibilityGlobals) = postSolution
		SolutionGuid = {A05E9869-E03E-43CE-B5E2-3B2044C705A7}
	EndGlobalSection
EndGlobal
